
Microsoft Visual Studio Solution File, Format Version 12.00
# Visual Studio Version 16
VisualStudioVersion = 16.0.30225.117
MinimumVisualStudioVersion = 10.0.40219.1
Project("{FAE04EC0-301F-11D3-BF4B-00C04F79EFBC}") = "generator", "generator.csproj", "{892E1A85-07B1-4A46-899B-AC903A212548}"
EndProject
Global
	GlobalSection(SolutionConfigurationPlatforms) = preSolution
		Debug|Any CPU = Debug|Any CPU
		Release|Any CPU = Release|Any CPU
	EndGlobalSection
	GlobalSection(ProjectConfigurationPlatforms) = postSolution
		{892E1A85-07B1-4A46-899B-AC903A212548}.Debug|Any CPU.ActiveCfg = Debug|Any CPU
		{892E1A85-07B1-4A46-899B-AC903A212548}.Debug|Any CPU.Build.0 = Debug|Any CPU
		{892E1A85-07B1-4A46-899B-AC903A212548}.Release|Any CPU.ActiveCfg = Release|Any CPU
		{892E1A85-07B1-4A46-899B-AC903A212548}.Release|Any CPU.Build.0 = Release|Any CPU
	EndGlobalSection
	GlobalSection(SolutionProperties) = preSolution
		HideSolutionNode = FALSE
	EndGlobalSection
	GlobalSection(ExtensibilityGlobals) = postSolution
		SolutionGuid = {FEC339F6-273D-415D-8B05-E3D71C4F6B54}
	EndGlobalSection
EndGlobal
